
Microsoft Visual Studio Solution File, Format Version 12.00
# Visual Studio Version 17
VisualStudioVersion = 17.5.33414.496
MinimumVisualStudioVersion = 10.0.40219.1
Project("{FAE04EC0-301F-11D3-BF4B-00C04F79EFBC}") = "Spotify", "Spotify\Spotify.csproj", "{A28A0915-B356-48FD-A425-9F8DC6AE2B3A}"
EndProject
Global
	GlobalSection(SolutionConfigurationPlatforms) = preSolution
		Debug|Any CPU = Debug|Any CPU
		Release|Any CPU = Release|Any CPU
	EndGlobalSection
	GlobalSection(ProjectConfigurationPlatforms) = postSolution
		{A28A0915-B356-48FD-A425-9F8DC6AE2B3A}.Debug|Any CPU.ActiveCfg = Debug|Any CPU
		{A28A0915-B356-48FD-A425-9F8DC6AE2B3A}.Debug|Any CPU.Build.0 = Debug|Any CPU
		{A28A0915-B356-48FD-A425-9F8DC6AE2B3A}.Release|Any CPU.ActiveCfg = Release|Any CPU
		{A28A0915-B356-48FD-A425-9F8DC6AE2B3A}.Release|Any CPU.Build.0 = Release|Any CPU
	EndGlobalSection
	GlobalSection(SolutionProperties) = preSolution
		HideSolutionNode = FALSE
	EndGlobalSection
	GlobalSection(ExtensibilityGlobals) = postSolution
		SolutionGuid = {FCA5021B-F70C-4AE5-A873-FE2BE3F430E3}
	EndGlobalSection
EndGlobal
